
Microsoft Visual Studio Solution File, Format Version 12.00
# Visual Studio Version 16
VisualStudioVersion = 16.0.30907.101
MinimumVisualStudioVersion = 10.0.40219.1
Project("{9A19103F-16F7-4668-BE54-9A1E7A4F7556}") = "Business", "Business\Business.csproj", "{2062BA54-9F9A-4197-BB4C-596D603E201E}"
EndProject
Project("{9A19103F-16F7-4668-BE54-9A1E7A4F7556}") = "ConsoleUI", "ConsoleUI\ConsoleUI.csproj", "{DD9B4ACF-DFC6-4F33-9FD6-8C60604F139E}"
EndProject
Project("{9A19103F-16F7-4668-BE54-9A1E7A4F7556}") = "DataAccess", "DataAccess\DataAccess.csproj", "{16744BCA-7AAA-4BFE-BB3C-BEF18DFAF764}"
EndProject
Project("{9A19103F-16F7-4668-BE54-9A1E7A4F7556}") = "Entities", "Entities\Entities.csproj", "{465E12AE-2AB7-482A-9969-FDB95E8AC0C5}"
EndProject
Project("{9A19103F-16F7-4668-BE54-9A1E7A4F7556}") = "Core", "Core\Core.csproj", "{D4CA3BF1-D797-4758-91B0-E580890C1C16}"
EndProject
Project("{FAE04EC0-301F-11D3-BF4B-00C04F79EFBC}") = "WebAPI", "WebAPI\WebAPI.csproj", "{D008389B-4DAA-4DD8-8B53-A466589A7A59}"
EndProject
Global
	GlobalSection(SolutionConfigurationPlatforms) = preSolution
		Debug|Any CPU = Debug|Any CPU
		Release|Any CPU = Release|Any CPU
	EndGlobalSection
	GlobalSection(ProjectConfigurationPlatforms) = postSolution
		{2062BA54-9F9A-4197-BB4C-596D603E201E}.Debug|Any CPU.ActiveCfg = Debug|Any CPU
		{2062BA54-9F9A-4197-BB4C-596D603E201E}.Debug|Any CPU.Build.0 = Debug|Any CPU
		{2062BA54-9F9A-4197-BB4C-596D603E201E}.Release|Any CPU.ActiveCfg = Release|Any CPU
		{2062BA54-9F9A-4197-BB4C-596D603E201E}.Release|Any CPU.Build.0 = Release|Any CPU
		{DD9B4ACF-DFC6-4F33-9FD6-8C60604F139E}.Debug|Any CPU.ActiveCfg = Debug|Any CPU
		{DD9B4ACF-DFC6-4F33-9FD6-8C60604F139E}.Debug|Any CPU.Build.0 = Debug|Any CPU
		{DD9B4ACF-DFC6-4F33-9FD6-8C60604F139E}.Release|Any CPU.ActiveCfg = Release|Any CPU
		{DD9B4ACF-DFC6-4F33-9FD6-8C60604F139E}.Release|Any CPU.Build.0 = Release|Any CPU
		{16744BCA-7AAA-4BFE-BB3C-BEF18DFAF764}.Debug|Any CPU.ActiveCfg = Debug|Any CPU
		{16744BCA-7AAA-4BFE-BB3C-BEF18DFAF764}.Debug|Any CPU.Build.0 = Debug|Any CPU
		{16744BCA-7AAA-4BFE-BB3C-BEF18DFAF764}.Release|Any CPU.ActiveCfg = Release|Any CPU
		{16744BCA-7AAA-4BFE-BB3C-BEF18DFAF764}.Release|Any CPU.Build.0 = Release|Any CPU
		{465E12AE-2AB7-482A-9969-FDB95E8AC0C5}.Debug|Any CPU.ActiveCfg = Debug|Any CPU
		{465E12AE-2AB7-482A-9969-FDB95E8AC0C5}.Debug|Any CPU.Build.0 = Debug|Any CPU
		{465E12AE-2AB7-482A-9969-FDB95E8AC0C5}.Release|Any CPU.ActiveCfg = Release|Any CPU
		{465E12AE-2AB7-482A-9969-FDB95E8AC0C5}.Release|Any CPU.Build.0 = Release|Any CPU
		{D4CA3BF1-D797-4758-91B0-E580890C1C16}.Debug|Any CPU.ActiveCfg = Debug|Any CPU
		{D4CA3BF1-D797-4758-91B0-E580890C1C16}.Debug|Any CPU.Build.0 = Debug|Any CPU
		{D4CA3BF1-D797-4758-91B0-E580890C1C16}.Release|Any CPU.ActiveCfg = Release|Any CPU
		{D4CA3BF1-D797-4758-91B0-E580890C1C16}.Release|Any CPU.Build.0 = Release|Any CPU
		{D008389B-4DAA-4DD8-8B53-A466589A7A59}.Debug|Any CPU.ActiveCfg = Debug|Any CPU
		{D008389B-4DAA-4DD8-8B53-A466589A7A59}.Debug|Any CPU.Build.0 = Debug|Any CPU
		{D008389B-4DAA-4DD8-8B53-A466589A7A59}.Release|Any CPU.ActiveCfg = Release|Any CPU
		{D008389B-4DAA-4DD8-8B53-A466589A7A59}.Release|Any CPU.Build.0 = Release|Any CPU
	EndGlobalSection
	GlobalSection(SolutionProperties) = preSolution
		HideSolutionNode = FALSE
	EndGlobalSection
	GlobalSection(ExtensibilityGlobals) = postSolution
		SolutionGuid = {6209ACD8-DAE5-40A3-BBA6-FABD79358F02}
	EndGlobalSection
EndGlobal
